// !$*UTF8*$!
{
	archiveVersion = 1;
	classes = {
	};
	objectVersion = 52;
	objects = {

/* Begin PBXBuildFile section */
		607B25901E27341D11C0A1AA /* Pods_Planner.framework in Frameworks */ = {isa = PBXBuildFile; fileRef = 49FA319204347EBB0E2EC372 /* Pods_Planner.framework */; };
		650A95C923D6ECB600E93768 /* ActivityIndicator.swift in Sources */ = {isa = PBXBuildFile; fileRef = 650A95C823D6ECB600E93768 /* ActivityIndicator.swift */; };
		650A95CB23D74D2F00E93768 /* DismissingKeyboard.swift in Sources */ = {isa = PBXBuildFile; fileRef = 650A95CA23D74D2F00E93768 /* DismissingKeyboard.swift */; };
		650A95D423D96B3E00E93768 /* AuthService.swift in Sources */ = {isa = PBXBuildFile; fileRef = 650A95D323D96B3E00E93768 /* AuthService.swift */; };
		656B325223D9BE7B00170268 /* EmployeeList.swift in Sources */ = {isa = PBXBuildFile; fileRef = 656B325123D9BE7B00170268 /* EmployeeList.swift */; };
		656B325423D9D65300170268 /* AppRootView.swift in Sources */ = {isa = PBXBuildFile; fileRef = 656B325323D9D65300170268 /* AppRootView.swift */; };
		656DE20E23D56B6300D4411D /* AppDelegate.swift in Sources */ = {isa = PBXBuildFile; fileRef = 656DE20D23D56B6300D4411D /* AppDelegate.swift */; };
		656DE21023D56B6300D4411D /* SceneDelegate.swift in Sources */ = {isa = PBXBuildFile; fileRef = 656DE20F23D56B6300D4411D /* SceneDelegate.swift */; };
		656DE21223D56B6400D4411D /* LoginView.swift in Sources */ = {isa = PBXBuildFile; fileRef = 656DE21123D56B6400D4411D /* LoginView.swift */; };
		656DE21423D56B6700D4411D /* Assets.xcassets in Resources */ = {isa = PBXBuildFile; fileRef = 656DE21323D56B6700D4411D /* Assets.xcassets */; };
		656DE21723D56B6700D4411D /* Preview Assets.xcassets in Resources */ = {isa = PBXBuildFile; fileRef = 656DE21623D56B6700D4411D /* Preview Assets.xcassets */; };
		656DE21A23D56B6700D4411D /* LaunchScreen.storyboard in Resources */ = {isa = PBXBuildFile; fileRef = 656DE21823D56B6700D4411D /* LaunchScreen.storyboard */; };
		656DE23923D56BD300D4411D /* APIHelper.swift in Sources */ = {isa = PBXBuildFile; fileRef = 656DE22323D56BD300D4411D /* APIHelper.swift */; };
		656DE23A23D56BD300D4411D /* AlamofireImplementations.swift in Sources */ = {isa = PBXBuildFile; fileRef = 656DE22423D56BD300D4411D /* AlamofireImplementations.swift */; };
		656DE23B23D56BD300D4411D /* DefaultAPI.swift in Sources */ = {isa = PBXBuildFile; fileRef = 656DE22623D56BD300D4411D /* DefaultAPI.swift */; };
		656DE23C23D56BD300D4411D /* CodableHelper.swift in Sources */ = {isa = PBXBuildFile; fileRef = 656DE22723D56BD300D4411D /* CodableHelper.swift */; };
		656DE23D23D56BD300D4411D /* JSONEncodableEncoding.swift in Sources */ = {isa = PBXBuildFile; fileRef = 656DE22823D56BD300D4411D /* JSONEncodableEncoding.swift */; };
		656DE23E23D56BD300D4411D /* APIs.swift in Sources */ = {isa = PBXBuildFile; fileRef = 656DE22923D56BD300D4411D /* APIs.swift */; };
		656DE23F23D56BD300D4411D /* EmployeeTitle.swift in Sources */ = {isa = PBXBuildFile; fileRef = 656DE22B23D56BD300D4411D /* EmployeeTitle.swift */; };
		656DE24023D56BD300D4411D /* EmployeeDepartment.swift in Sources */ = {isa = PBXBuildFile; fileRef = 656DE22C23D56BD300D4411D /* EmployeeDepartment.swift */; };
		656DE24123D56BD300D4411D /* AuthorizedUser.swift in Sources */ = {isa = PBXBuildFile; fileRef = 656DE22D23D56BD300D4411D /* AuthorizedUser.swift */; };
		656DE24223D56BD300D4411D /* EmployeeLocation.swift in Sources */ = {isa = PBXBuildFile; fileRef = 656DE22E23D56BD300D4411D /* EmployeeLocation.swift */; };
		656DE24323D56BD300D4411D /* Group.swift in Sources */ = {isa = PBXBuildFile; fileRef = 656DE22F23D56BD300D4411D /* Group.swift */; };
		656DE24423D56BD300D4411D /* Employee.swift in Sources */ = {isa = PBXBuildFile; fileRef = 656DE23023D56BD300D4411D /* Employee.swift */; };
		656DE24523D56BD300D4411D /* InlineObject.swift in Sources */ = {isa = PBXBuildFile; fileRef = 656DE23123D56BD300D4411D /* InlineObject.swift */; };
		656DE24623D56BD300D4411D /* ReportsTo.swift in Sources */ = {isa = PBXBuildFile; fileRef = 656DE23223D56BD300D4411D /* ReportsTo.swift */; };
		656DE24723D56BD300D4411D /* ErrorModel.swift in Sources */ = {isa = PBXBuildFile; fileRef = 656DE23323D56BD300D4411D /* ErrorModel.swift */; };
		656DE24823D56BD300D4411D /* Skill.swift in Sources */ = {isa = PBXBuildFile; fileRef = 656DE23423D56BD300D4411D /* Skill.swift */; };
		656DE24923D56BD300D4411D /* Extensions.swift in Sources */ = {isa = PBXBuildFile; fileRef = 656DE23523D56BD300D4411D /* Extensions.swift */; };
		656DE24A23D56BD300D4411D /* JSONEncodingHelper.swift in Sources */ = {isa = PBXBuildFile; fileRef = 656DE23623D56BD300D4411D /* JSONEncodingHelper.swift */; };
		656DE24B23D56BD300D4411D /* Models.swift in Sources */ = {isa = PBXBuildFile; fileRef = 656DE23723D56BD300D4411D /* Models.swift */; };
		656DE24C23D56BD300D4411D /* Configuration.swift in Sources */ = {isa = PBXBuildFile; fileRef = 656DE23823D56BD300D4411D /* Configuration.swift */; };
		656DE24F23D56CF200D4411D /* Alamofire in Frameworks */ = {isa = PBXBuildFile; productRef = 656DE24E23D56CF200D4411D /* Alamofire */; };
		656DE25223D577BA00D4411D /* RoundedButton.swift in Sources */ = {isa = PBXBuildFile; fileRef = 656DE25123D577BA00D4411D /* RoundedButton.swift */; };
		656DE25623D5EA1700D4411D /* LoginViewModel.swift in Sources */ = {isa = PBXBuildFile; fileRef = 656DE25523D5EA1700D4411D /* LoginViewModel.swift */; };
		65C3BBF623DEAC7D00F35F2B /* DataSource.swift in Sources */ = {isa = PBXBuildFile; fileRef = 65C3BBF523DEAC7D00F35F2B /* DataSource.swift */; };
		65C3BBF823DEB1CC00F35F2B /* EmployeeListViewModel.swift in Sources */ = {isa = PBXBuildFile; fileRef = 65C3BBF723DEB1CC00F35F2B /* EmployeeListViewModel.swift */; };
		65C3BBFA23DEBB5A00F35F2B /* EmployeeRow.swift in Sources */ = {isa = PBXBuildFile; fileRef = 65C3BBF923DEBB5A00F35F2B /* EmployeeRow.swift */; };
		65C3BBFD23DEF8B000F35F2B /* EmployeeDetail.swift in Sources */ = {isa = PBXBuildFile; fileRef = 65C3BBFC23DEF8B000F35F2B /* EmployeeDetail.swift */; };
		65C3BBFF23DEFC9E00F35F2B /* PropertyView.swift in Sources */ = {isa = PBXBuildFile; fileRef = 65C3BBFE23DEFC9E00F35F2B /* PropertyView.swift */; };
		65C3BC0123DF01D200F35F2B /* ClickablePropertyView.swift in Sources */ = {isa = PBXBuildFile; fileRef = 65C3BC0023DF01D200F35F2B /* ClickablePropertyView.swift */; };
		65C3BC0323DF036E00F35F2B /* EmployeeDetailViewModel.swift in Sources */ = {isa = PBXBuildFile; fileRef = 65C3BC0223DF036E00F35F2B /* EmployeeDetailViewModel.swift */; };
/* End PBXBuildFile section */

/* Begin PBXFileReference section */
		49FA319204347EBB0E2EC372 /* Pods_Planner.framework */ = {isa = PBXFileReference; explicitFileType = wrapper.framework; includeInIndex = 0; path = Pods_Planner.framework; sourceTree = BUILT_PRODUCTS_DIR; };
		650A95C823D6ECB600E93768 /* ActivityIndicator.swift */ = {isa = PBXFileReference; lastKnownFileType = sourcecode.swift; path = ActivityIndicator.swift; sourceTree = "<group>"; };
		650A95CA23D74D2F00E93768 /* DismissingKeyboard.swift */ = {isa = PBXFileReference; lastKnownFileType = sourcecode.swift; path = DismissingKeyboard.swift; sourceTree = "<group>"; };
		650A95D323D96B3E00E93768 /* AuthService.swift */ = {isa = PBXFileReference; lastKnownFileType = sourcecode.swift; path = AuthService.swift; sourceTree = "<group>"; };
		656B325123D9BE7B00170268 /* EmployeeList.swift */ = {isa = PBXFileReference; lastKnownFileType = sourcecode.swift; path = EmployeeList.swift; sourceTree = "<group>"; };
		656B325323D9D65300170268 /* AppRootView.swift */ = {isa = PBXFileReference; lastKnownFileType = sourcecode.swift; path = AppRootView.swift; sourceTree = "<group>"; };
		656DE20A23D56B6300D4411D /* Planner.app */ = {isa = PBXFileReference; explicitFileType = wrapper.application; includeInIndex = 0; path = Planner.app; sourceTree = BUILT_PRODUCTS_DIR; };
		656DE20D23D56B6300D4411D /* AppDelegate.swift */ = {isa = PBXFileReference; lastKnownFileType = sourcecode.swift; path = AppDelegate.swift; sourceTree = "<group>"; };
		656DE20F23D56B6300D4411D /* SceneDelegate.swift */ = {isa = PBXFileReference; lastKnownFileType = sourcecode.swift; path = SceneDelegate.swift; sourceTree = "<group>"; };
		656DE21123D56B6400D4411D /* LoginView.swift */ = {isa = PBXFileReference; lastKnownFileType = sourcecode.swift; path = LoginView.swift; sourceTree = "<group>"; };
		656DE21323D56B6700D4411D /* Assets.xcassets */ = {isa = PBXFileReference; lastKnownFileType = folder.assetcatalog; path = Assets.xcassets; sourceTree = "<group>"; };
		656DE21623D56B6700D4411D /* Preview Assets.xcassets */ = {isa = PBXFileReference; lastKnownFileType = folder.assetcatalog; path = "Preview Assets.xcassets"; sourceTree = "<group>"; };
		656DE21923D56B6700D4411D /* Base */ = {isa = PBXFileReference; lastKnownFileType = file.storyboard; name = Base; path = Base.lproj/LaunchScreen.storyboard; sourceTree = "<group>"; };
		656DE21B23D56B6700D4411D /* Info.plist */ = {isa = PBXFileReference; lastKnownFileType = text.plist.xml; path = Info.plist; sourceTree = "<group>"; };
		656DE22323D56BD300D4411D /* APIHelper.swift */ = {isa = PBXFileReference; fileEncoding = 4; lastKnownFileType = sourcecode.swift; path = APIHelper.swift; sourceTree = "<group>"; };
		656DE22423D56BD300D4411D /* AlamofireImplementations.swift */ = {isa = PBXFileReference; fileEncoding = 4; lastKnownFileType = sourcecode.swift; path = AlamofireImplementations.swift; sourceTree = "<group>"; };
		656DE22623D56BD300D4411D /* DefaultAPI.swift */ = {isa = PBXFileReference; fileEncoding = 4; lastKnownFileType = sourcecode.swift; path = DefaultAPI.swift; sourceTree = "<group>"; };
		656DE22723D56BD300D4411D /* CodableHelper.swift */ = {isa = PBXFileReference; fileEncoding = 4; lastKnownFileType = sourcecode.swift; path = CodableHelper.swift; sourceTree = "<group>"; };
		656DE22823D56BD300D4411D /* JSONEncodableEncoding.swift */ = {isa = PBXFileReference; fileEncoding = 4; lastKnownFileType = sourcecode.swift; path = JSONEncodableEncoding.swift; sourceTree = "<group>"; };
		656DE22923D56BD300D4411D /* APIs.swift */ = {isa = PBXFileReference; fileEncoding = 4; lastKnownFileType = sourcecode.swift; path = APIs.swift; sourceTree = "<group>"; };
		656DE22B23D56BD300D4411D /* EmployeeTitle.swift */ = {isa = PBXFileReference; fileEncoding = 4; lastKnownFileType = sourcecode.swift; path = EmployeeTitle.swift; sourceTree = "<group>"; };
		656DE22C23D56BD300D4411D /* EmployeeDepartment.swift */ = {isa = PBXFileReference; fileEncoding = 4; lastKnownFileType = sourcecode.swift; path = EmployeeDepartment.swift; sourceTree = "<group>"; };
		656DE22D23D56BD300D4411D /* AuthorizedUser.swift */ = {isa = PBXFileReference; fileEncoding = 4; lastKnownFileType = sourcecode.swift; path = AuthorizedUser.swift; sourceTree = "<group>"; };
		656DE22E23D56BD300D4411D /* EmployeeLocation.swift */ = {isa = PBXFileReference; fileEncoding = 4; lastKnownFileType = sourcecode.swift; path = EmployeeLocation.swift; sourceTree = "<group>"; };
		656DE22F23D56BD300D4411D /* Group.swift */ = {isa = PBXFileReference; fileEncoding = 4; lastKnownFileType = sourcecode.swift; path = Group.swift; sourceTree = "<group>"; };
		656DE23023D56BD300D4411D /* Employee.swift */ = {isa = PBXFileReference; fileEncoding = 4; lastKnownFileType = sourcecode.swift; path = Employee.swift; sourceTree = "<group>"; };
		656DE23123D56BD300D4411D /* InlineObject.swift */ = {isa = PBXFileReference; fileEncoding = 4; lastKnownFileType = sourcecode.swift; path = InlineObject.swift; sourceTree = "<group>"; };
		656DE23223D56BD300D4411D /* ReportsTo.swift */ = {isa = PBXFileReference; fileEncoding = 4; lastKnownFileType = sourcecode.swift; path = ReportsTo.swift; sourceTree = "<group>"; };
		656DE23323D56BD300D4411D /* ErrorModel.swift */ = {isa = PBXFileReference; fileEncoding = 4; lastKnownFileType = sourcecode.swift; path = ErrorModel.swift; sourceTree = "<group>"; };
		656DE23423D56BD300D4411D /* Skill.swift */ = {isa = PBXFileReference; fileEncoding = 4; lastKnownFileType = sourcecode.swift; path = Skill.swift; sourceTree = "<group>"; };
		656DE23523D56BD300D4411D /* Extensions.swift */ = {isa = PBXFileReference; fileEncoding = 4; lastKnownFileType = sourcecode.swift; path = Extensions.swift; sourceTree = "<group>"; };
		656DE23623D56BD300D4411D /* JSONEncodingHelper.swift */ = {isa = PBXFileReference; fileEncoding = 4; lastKnownFileType = sourcecode.swift; path = JSONEncodingHelper.swift; sourceTree = "<group>"; };
		656DE23723D56BD300D4411D /* Models.swift */ = {isa = PBXFileReference; fileEncoding = 4; lastKnownFileType = sourcecode.swift; path = Models.swift; sourceTree = "<group>"; };
		656DE23823D56BD300D4411D /* Configuration.swift */ = {isa = PBXFileReference; fileEncoding = 4; lastKnownFileType = sourcecode.swift; path = Configuration.swift; sourceTree = "<group>"; };
		656DE25123D577BA00D4411D /* RoundedButton.swift */ = {isa = PBXFileReference; lastKnownFileType = sourcecode.swift; path = RoundedButton.swift; sourceTree = "<group>"; };
		656DE25523D5EA1700D4411D /* LoginViewModel.swift */ = {isa = PBXFileReference; lastKnownFileType = sourcecode.swift; path = LoginViewModel.swift; sourceTree = "<group>"; };
		65C3BBF523DEAC7D00F35F2B /* DataSource.swift */ = {isa = PBXFileReference; lastKnownFileType = sourcecode.swift; path = DataSource.swift; sourceTree = "<group>"; };
		65C3BBF723DEB1CC00F35F2B /* EmployeeListViewModel.swift */ = {isa = PBXFileReference; lastKnownFileType = sourcecode.swift; path = EmployeeListViewModel.swift; sourceTree = "<group>"; };
		65C3BBF923DEBB5A00F35F2B /* EmployeeRow.swift */ = {isa = PBXFileReference; lastKnownFileType = sourcecode.swift; path = EmployeeRow.swift; sourceTree = "<group>"; };
		65C3BBFC23DEF8B000F35F2B /* EmployeeDetail.swift */ = {isa = PBXFileReference; lastKnownFileType = sourcecode.swift; path = EmployeeDetail.swift; sourceTree = "<group>"; };
		65C3BBFE23DEFC9E00F35F2B /* PropertyView.swift */ = {isa = PBXFileReference; lastKnownFileType = sourcecode.swift; path = PropertyView.swift; sourceTree = "<group>"; };
		65C3BC0023DF01D200F35F2B /* ClickablePropertyView.swift */ = {isa = PBXFileReference; lastKnownFileType = sourcecode.swift; path = ClickablePropertyView.swift; sourceTree = "<group>"; };
		65C3BC0223DF036E00F35F2B /* EmployeeDetailViewModel.swift */ = {isa = PBXFileReference; lastKnownFileType = sourcecode.swift; path = EmployeeDetailViewModel.swift; sourceTree = "<group>"; };
		6776614C4E6FD2AE2A53DA11 /* Pods-Planner.debug.xcconfig */ = {isa = PBXFileReference; includeInIndex = 1; lastKnownFileType = text.xcconfig; name = "Pods-Planner.debug.xcconfig"; path = "Target Support Files/Pods-Planner/Pods-Planner.debug.xcconfig"; sourceTree = "<group>"; };
		994251BC82E5C5ADF0636A3D /* Pods-Planner.release.xcconfig */ = {isa = PBXFileReference; includeInIndex = 1; lastKnownFileType = text.xcconfig; name = "Pods-Planner.release.xcconfig"; path = "Target Support Files/Pods-Planner/Pods-Planner.release.xcconfig"; sourceTree = "<group>"; };
/* End PBXFileReference section */

/* Begin PBXFrameworksBuildPhase section */
		656DE20723D56B6300D4411D /* Frameworks */ = {
			isa = PBXFrameworksBuildPhase;
			buildActionMask = 2147483647;
			files = (
				656DE24F23D56CF200D4411D /* Alamofire in Frameworks */,
				607B25901E27341D11C0A1AA /* Pods_Planner.framework in Frameworks */,
			);
			runOnlyForDeploymentPostprocessing = 0;
		};
/* End PBXFrameworksBuildPhase section */

/* Begin PBXGroup section */
		650A95D223D96B2B00E93768 /* AuthService */ = {
			isa = PBXGroup;
			children = (
				650A95D323D96B3E00E93768 /* AuthService.swift */,
			);
			path = AuthService;
			sourceTree = "<group>";
		};
		656B325023D9BE6300170268 /* EmployeeList */ = {
			isa = PBXGroup;
			children = (
				656B325123D9BE7B00170268 /* EmployeeList.swift */,
				65C3BBF723DEB1CC00F35F2B /* EmployeeListViewModel.swift */,
			);
			path = EmployeeList;
			sourceTree = "<group>";
		};
		656DE20123D56B6300D4411D = {
			isa = PBXGroup;
			children = (
				656DE20C23D56B6300D4411D /* Planner */,
				656DE20B23D56B6300D4411D /* Products */,
				E303B0B4B5E66E9D5E41AFEE /* Pods */,
				E895B6801112C9DBE3B34A6D /* Frameworks */,
			);
			sourceTree = "<group>";
		};
		656DE20B23D56B6300D4411D /* Products */ = {
			isa = PBXGroup;
			children = (
				656DE20A23D56B6300D4411D /* Planner.app */,
			);
			name = Products;
			sourceTree = "<group>";
		};
		656DE20C23D56B6300D4411D /* Planner */ = {
			isa = PBXGroup;
			children = (
				656DE25323D5E9BC00D4411D /* Scenes */,
				656DE25023D5778D00D4411D /* CustomViews */,
				656DE22123D56BBE00D4411D /* Services */,
				656DE20D23D56B6300D4411D /* AppDelegate.swift */,
				656DE20F23D56B6300D4411D /* SceneDelegate.swift */,
				656DE21323D56B6700D4411D /* Assets.xcassets */,
				656DE21823D56B6700D4411D /* LaunchScreen.storyboard */,
				656DE21B23D56B6700D4411D /* Info.plist */,
				656DE21523D56B6700D4411D /* Preview Content */,
			);
			path = Planner;
			sourceTree = "<group>";
		};
		656DE21523D56B6700D4411D /* Preview Content */ = {
			isa = PBXGroup;
			children = (
				656DE21623D56B6700D4411D /* Preview Assets.xcassets */,
			);
			path = "Preview Content";
			sourceTree = "<group>";
		};
		656DE22123D56BBE00D4411D /* Services */ = {
			isa = PBXGroup;
			children = (
				65C3BBF423DEAC5F00F35F2B /* DataSource */,
				650A95D223D96B2B00E93768 /* AuthService */,
				656DE22223D56BD300D4411D /* OpenAPIs */,
			);
			path = Services;
			sourceTree = "<group>";
		};
		656DE22223D56BD300D4411D /* OpenAPIs */ = {
			isa = PBXGroup;
			children = (
				656DE22323D56BD300D4411D /* APIHelper.swift */,
				656DE22423D56BD300D4411D /* AlamofireImplementations.swift */,
				656DE22523D56BD300D4411D /* APIs */,
				656DE22723D56BD300D4411D /* CodableHelper.swift */,
				656DE22823D56BD300D4411D /* JSONEncodableEncoding.swift */,
				656DE22923D56BD300D4411D /* APIs.swift */,
				656DE22A23D56BD300D4411D /* Models */,
				656DE23523D56BD300D4411D /* Extensions.swift */,
				656DE23623D56BD300D4411D /* JSONEncodingHelper.swift */,
				656DE23723D56BD300D4411D /* Models.swift */,
				656DE23823D56BD300D4411D /* Configuration.swift */,
			);
			path = OpenAPIs;
			sourceTree = "<group>";
		};
		656DE22523D56BD300D4411D /* APIs */ = {
			isa = PBXGroup;
			children = (
				656DE22623D56BD300D4411D /* DefaultAPI.swift */,
			);
			path = APIs;
			sourceTree = "<group>";
		};
		656DE22A23D56BD300D4411D /* Models */ = {
			isa = PBXGroup;
			children = (
				656DE22B23D56BD300D4411D /* EmployeeTitle.swift */,
				656DE22C23D56BD300D4411D /* EmployeeDepartment.swift */,
				656DE22D23D56BD300D4411D /* AuthorizedUser.swift */,
				656DE22E23D56BD300D4411D /* EmployeeLocation.swift */,
				656DE22F23D56BD300D4411D /* Group.swift */,
				656DE23023D56BD300D4411D /* Employee.swift */,
				656DE23123D56BD300D4411D /* InlineObject.swift */,
				656DE23223D56BD300D4411D /* ReportsTo.swift */,
				656DE23323D56BD300D4411D /* ErrorModel.swift */,
				656DE23423D56BD300D4411D /* Skill.swift */,
			);
			path = Models;
			sourceTree = "<group>";
		};
		656DE25023D5778D00D4411D /* CustomViews */ = {
			isa = PBXGroup;
			children = (
				656DE25123D577BA00D4411D /* RoundedButton.swift */,
				650A95C823D6ECB600E93768 /* ActivityIndicator.swift */,
				650A95CA23D74D2F00E93768 /* DismissingKeyboard.swift */,
				65C3BBF923DEBB5A00F35F2B /* EmployeeRow.swift */,
				65C3BBFE23DEFC9E00F35F2B /* PropertyView.swift */,
				65C3BC0023DF01D200F35F2B /* ClickablePropertyView.swift */,
			);
			path = CustomViews;
			sourceTree = "<group>";
		};
		656DE25323D5E9BC00D4411D /* Scenes */ = {
			isa = PBXGroup;
			children = (
				65C3BBFB23DEF88600F35F2B /* EmployeeDetail */,
				656B325023D9BE6300170268 /* EmployeeList */,
				656DE25423D5E9E800D4411D /* Login */,
				656B325323D9D65300170268 /* AppRootView.swift */,
			);
			path = Scenes;
			sourceTree = "<group>";
		};
		656DE25423D5E9E800D4411D /* Login */ = {
			isa = PBXGroup;
			children = (
				656DE21123D56B6400D4411D /* LoginView.swift */,
				656DE25523D5EA1700D4411D /* LoginViewModel.swift */,
			);
			path = Login;
			sourceTree = "<group>";
		};
		65C3BBF423DEAC5F00F35F2B /* DataSource */ = {
			isa = PBXGroup;
			children = (
				65C3BBF523DEAC7D00F35F2B /* DataSource.swift */,
			);
			path = DataSource;
			sourceTree = "<group>";
		};
		65C3BBFB23DEF88600F35F2B /* EmployeeDetail */ = {
			isa = PBXGroup;
			children = (
				65C3BBFC23DEF8B000F35F2B /* EmployeeDetail.swift */,
				65C3BC0223DF036E00F35F2B /* EmployeeDetailViewModel.swift */,
			);
			path = EmployeeDetail;
			sourceTree = "<group>";
		};
		E303B0B4B5E66E9D5E41AFEE /* Pods */ = {
			isa = PBXGroup;
			children = (
				6776614C4E6FD2AE2A53DA11 /* Pods-Planner.debug.xcconfig */,
				994251BC82E5C5ADF0636A3D /* Pods-Planner.release.xcconfig */,
			);
			path = Pods;
			sourceTree = "<group>";
		};
		E895B6801112C9DBE3B34A6D /* Frameworks */ = {
			isa = PBXGroup;
			children = (
				49FA319204347EBB0E2EC372 /* Pods_Planner.framework */,
			);
			name = Frameworks;
			sourceTree = "<group>";
		};
/* End PBXGroup section */

/* Begin PBXNativeTarget section */
		656DE20923D56B6300D4411D /* Planner */ = {
			isa = PBXNativeTarget;
			buildConfigurationList = 656DE21E23D56B6700D4411D /* Build configuration list for PBXNativeTarget "Planner" */;
			buildPhases = (
				62FC8C21F1E0005F061F358A /* [CP] Check Pods Manifest.lock */,
				656DE20623D56B6300D4411D /* Sources */,
				656DE20723D56B6300D4411D /* Frameworks */,
				656DE20823D56B6300D4411D /* Resources */,
				3EEA4CA412DAF66974172622 /* [CP] Embed Pods Frameworks */,
			);
			buildRules = (
			);
			dependencies = (
			);
			name = Planner;
			packageProductDependencies = (
				656DE24E23D56CF200D4411D /* Alamofire */,
			);
			productName = Planner;
			productReference = 656DE20A23D56B6300D4411D /* Planner.app */;
			productType = "com.apple.product-type.application";
		};
/* End PBXNativeTarget section */

/* Begin PBXProject section */
		656DE20223D56B6300D4411D /* Project object */ = {
			isa = PBXProject;
			attributes = {
				LastSwiftUpdateCheck = 1120;
				LastUpgradeCheck = 1120;
				ORGANIZATIONNAME = EG;
				TargetAttributes = {
					656DE20923D56B6300D4411D = {
						CreatedOnToolsVersion = 11.2.1;
					};
				};
			};
			buildConfigurationList = 656DE20523D56B6300D4411D /* Build configuration list for PBXProject "Planner" */;
			compatibilityVersion = "Xcode 9.3";
			developmentRegion = en;
			hasScannedForEncodings = 0;
			knownRegions = (
				en,
				Base,
			);
			mainGroup = 656DE20123D56B6300D4411D;
			packageReferences = (
				656DE24D23D56CF200D4411D /* XCRemoteSwiftPackageReference "Alamofire" */,
			);
			productRefGroup = 656DE20B23D56B6300D4411D /* Products */;
			projectDirPath = "";
			projectRoot = "";
			targets = (
				656DE20923D56B6300D4411D /* Planner */,
			);
		};
/* End PBXProject section */

/* Begin PBXResourcesBuildPhase section */
		656DE20823D56B6300D4411D /* Resources */ = {
			isa = PBXResourcesBuildPhase;
			buildActionMask = 2147483647;
			files = (
				656DE21A23D56B6700D4411D /* LaunchScreen.storyboard in Resources */,
				656DE21723D56B6700D4411D /* Preview Assets.xcassets in Resources */,
				656DE21423D56B6700D4411D /* Assets.xcassets in Resources */,
			);
			runOnlyForDeploymentPostprocessing = 0;
		};
/* End PBXResourcesBuildPhase section */

/* Begin PBXShellScriptBuildPhase section */
		3EEA4CA412DAF66974172622 /* [CP] Embed Pods Frameworks */ = {
			isa = PBXShellScriptBuildPhase;
			buildActionMask = 2147483647;
			files = (
			);
			inputFileListPaths = (
			);
			inputPaths = (
				"${PODS_ROOT}/Target Support Files/Pods-Planner/Pods-Planner-frameworks.sh",
				"${BUILT_PRODUCTS_DIR}/SwiftKeychainWrapper/SwiftKeychainWrapper.framework",
			);
			name = "[CP] Embed Pods Frameworks";
			outputFileListPaths = (
			);
			outputPaths = (
				"${TARGET_BUILD_DIR}/${FRAMEWORKS_FOLDER_PATH}/SwiftKeychainWrapper.framework",
			);
			runOnlyForDeploymentPostprocessing = 0;
			shellPath = /bin/sh;
			shellScript = "\"${PODS_ROOT}/Target Support Files/Pods-Planner/Pods-Planner-frameworks.sh\"\n";
			showEnvVarsInLog = 0;
		};
		62FC8C21F1E0005F061F358A /* [CP] Check Pods Manifest.lock */ = {
			isa = PBXShellScriptBuildPhase;
			buildActionMask = 2147483647;
			files = (
			);
			inputFileListPaths = (
			);
			inputPaths = (
				"${PODS_PODFILE_DIR_PATH}/Podfile.lock",
				"${PODS_ROOT}/Manifest.lock",
			);
			name = "[CP] Check Pods Manifest.lock";
			outputFileListPaths = (
			);
			outputPaths = (
				"$(DERIVED_FILE_DIR)/Pods-Planner-checkManifestLockResult.txt",
			);
			runOnlyForDeploymentPostprocessing = 0;
			shellPath = /bin/sh;
			shellScript = "diff \"${PODS_PODFILE_DIR_PATH}/Podfile.lock\" \"${PODS_ROOT}/Manifest.lock\" > /dev/null\nif [ $? != 0 ] ; then\n    # print error to STDERR\n    echo \"error: The sandbox is not in sync with the Podfile.lock. Run 'pod install' or update your CocoaPods installation.\" >&2\n    exit 1\nfi\n# This output is used by Xcode 'outputs' to avoid re-running this script phase.\necho \"SUCCESS\" > \"${SCRIPT_OUTPUT_FILE_0}\"\n";
			showEnvVarsInLog = 0;
		};
/* End PBXShellScriptBuildPhase section */

/* Begin PBXSourcesBuildPhase section */
		656DE20623D56B6300D4411D /* Sources */ = {
			isa = PBXSourcesBuildPhase;
			buildActionMask = 2147483647;
			files = (
				656DE23923D56BD300D4411D /* APIHelper.swift in Sources */,
				65C3BBFA23DEBB5A00F35F2B /* EmployeeRow.swift in Sources */,
				656DE23C23D56BD300D4411D /* CodableHelper.swift in Sources */,
				65C3BC0323DF036E00F35F2B /* EmployeeDetailViewModel.swift in Sources */,
				656DE23F23D56BD300D4411D /* EmployeeTitle.swift in Sources */,
				65C3BC0123DF01D200F35F2B /* ClickablePropertyView.swift in Sources */,
				656DE24523D56BD300D4411D /* InlineObject.swift in Sources */,
				656B325423D9D65300170268 /* AppRootView.swift in Sources */,
				650A95C923D6ECB600E93768 /* ActivityIndicator.swift in Sources */,
				65C3BBF623DEAC7D00F35F2B /* DataSource.swift in Sources */,
				656DE24623D56BD300D4411D /* ReportsTo.swift in Sources */,
				656DE20E23D56B6300D4411D /* AppDelegate.swift in Sources */,
				656DE24723D56BD300D4411D /* ErrorModel.swift in Sources */,
				656DE24023D56BD300D4411D /* EmployeeDepartment.swift in Sources */,
				656DE24A23D56BD300D4411D /* JSONEncodingHelper.swift in Sources */,
				656DE21023D56B6300D4411D /* SceneDelegate.swift in Sources */,
				650A95D423D96B3E00E93768 /* AuthService.swift in Sources */,
				656DE24223D56BD300D4411D /* EmployeeLocation.swift in Sources */,
				656DE24B23D56BD300D4411D /* Models.swift in Sources */,
				656DE24323D56BD300D4411D /* Group.swift in Sources */,
				656DE25623D5EA1700D4411D /* LoginViewModel.swift in Sources */,
				656DE23D23D56BD300D4411D /* JSONEncodableEncoding.swift in Sources */,
				656DE21223D56B6400D4411D /* LoginView.swift in Sources */,
				656DE23B23D56BD300D4411D /* DefaultAPI.swift in Sources */,
				656DE24123D56BD300D4411D /* AuthorizedUser.swift in Sources */,
				656DE24923D56BD300D4411D /* Extensions.swift in Sources */,
				656B325223D9BE7B00170268 /* EmployeeList.swift in Sources */,
				656DE23E23D56BD300D4411D /* APIs.swift in Sources */,
				65C3BBFF23DEFC9E00F35F2B /* PropertyView.swift in Sources */,
				650A95CB23D74D2F00E93768 /* DismissingKeyboard.swift in Sources */,
				656DE25223D577BA00D4411D /* RoundedButton.swift in Sources */,
				656DE24823D56BD300D4411D /* Skill.swift in Sources */,
				656DE24C23D56BD300D4411D /* Configuration.swift in Sources */,
				65C3BBFD23DEF8B000F35F2B /* EmployeeDetail.swift in Sources */,
				656DE24423D56BD300D4411D /* Employee.swift in Sources */,
				65C3BBF823DEB1CC00F35F2B /* EmployeeListViewModel.swift in Sources */,
				656DE23A23D56BD300D4411D /* AlamofireImplementations.swift in Sources */,
			);
			runOnlyForDeploymentPostprocessing = 0;
		};
/* End PBXSourcesBuildPhase section */

/* Begin PBXVariantGroup section */
		656DE21823D56B6700D4411D /* LaunchScreen.storyboard */ = {
			isa = PBXVariantGroup;
			children = (
				656DE21923D56B6700D4411D /* Base */,
			);
			name = LaunchScreen.storyboard;
			sourceTree = "<group>";
		};
/* End PBXVariantGroup section */

/* Begin XCBuildConfiguration section */
		656DE21C23D56B6700D4411D /* Debug */ = {
			isa = XCBuildConfiguration;
			buildSettings = {
				ALWAYS_SEARCH_USER_PATHS = NO;
				CLANG_ANALYZER_NONNULL = YES;
				CLANG_ANALYZER_NUMBER_OBJECT_CONVERSION = YES_AGGRESSIVE;
				CLANG_CXX_LANGUAGE_STANDARD = "gnu++14";
				CLANG_CXX_LIBRARY = "libc++";
				CLANG_ENABLE_MODULES = YES;
				CLANG_ENABLE_OBJC_ARC = YES;
				CLANG_ENABLE_OBJC_WEAK = YES;
				CLANG_WARN_BLOCK_CAPTURE_AUTORELEASING = YES;
				CLANG_WARN_BOOL_CONVERSION = YES;
				CLANG_WARN_COMMA = YES;
				CLANG_WARN_CONSTANT_CONVERSION = YES;
				CLANG_WARN_DEPRECATED_OBJC_IMPLEMENTATIONS = YES;
				CLANG_WARN_DIRECT_OBJC_ISA_USAGE = YES_ERROR;
				CLANG_WARN_DOCUMENTATION_COMMENTS = YES;
				CLANG_WARN_EMPTY_BODY = YES;
				CLANG_WARN_ENUM_CONVERSION = YES;
				CLANG_WARN_INFINITE_RECURSION = YES;
				CLANG_WARN_INT_CONVERSION = YES;
				CLANG_WARN_NON_LITERAL_NULL_CONVERSION = YES;
				CLANG_WARN_OBJC_IMPLICIT_RETAIN_SELF = YES;
				CLANG_WARN_OBJC_LITERAL_CONVERSION = YES;
				CLANG_WARN_OBJC_ROOT_CLASS = YES_ERROR;
				CLANG_WARN_RANGE_LOOP_ANALYSIS = YES;
				CLANG_WARN_STRICT_PROTOTYPES = YES;
				CLANG_WARN_SUSPICIOUS_MOVE = YES;
				CLANG_WARN_UNGUARDED_AVAILABILITY = YES_AGGRESSIVE;
				CLANG_WARN_UNREACHABLE_CODE = YES;
				CLANG_WARN__DUPLICATE_METHOD_MATCH = YES;
				COPY_PHASE_STRIP = NO;
				DEBUG_INFORMATION_FORMAT = dwarf;
				ENABLE_STRICT_OBJC_MSGSEND = YES;
				ENABLE_TESTABILITY = YES;
				GCC_C_LANGUAGE_STANDARD = gnu11;
				GCC_DYNAMIC_NO_PIC = NO;
				GCC_NO_COMMON_BLOCKS = YES;
				GCC_OPTIMIZATION_LEVEL = 0;
				GCC_PREPROCESSOR_DEFINITIONS = (
					"DEBUG=1",
					"$(inherited)",
				);
				GCC_WARN_64_TO_32_BIT_CONVERSION = YES;
				GCC_WARN_ABOUT_RETURN_TYPE = YES_ERROR;
				GCC_WARN_UNDECLARED_SELECTOR = YES;
				GCC_WARN_UNINITIALIZED_AUTOS = YES_AGGRESSIVE;
				GCC_WARN_UNUSED_FUNCTION = YES;
				GCC_WARN_UNUSED_VARIABLE = YES;
				IPHONEOS_DEPLOYMENT_TARGET = 13.2;
				MTL_ENABLE_DEBUG_INFO = INCLUDE_SOURCE;
				MTL_FAST_MATH = YES;
				ONLY_ACTIVE_ARCH = YES;
				SDKROOT = iphoneos;
				SWIFT_ACTIVE_COMPILATION_CONDITIONS = DEBUG;
				SWIFT_OPTIMIZATION_LEVEL = "-Onone";
			};
			name = Debug;
		};
		656DE21D23D56B6700D4411D /* Release */ = {
			isa = XCBuildConfiguration;
			buildSettings = {
				ALWAYS_SEARCH_USER_PATHS = NO;
				CLANG_ANALYZER_NONNULL = YES;
				CLANG_ANALYZER_NUMBER_OBJECT_CONVERSION = YES_AGGRESSIVE;
				CLANG_CXX_LANGUAGE_STANDARD = "gnu++14";
				CLANG_CXX_LIBRARY = "libc++";
				CLANG_ENABLE_MODULES = YES;
				CLANG_ENABLE_OBJC_ARC = YES;
				CLANG_ENABLE_OBJC_WEAK = YES;
				CLANG_WARN_BLOCK_CAPTURE_AUTORELEASING = YES;
				CLANG_WARN_BOOL_CONVERSION = YES;
				CLANG_WARN_COMMA = YES;
				CLANG_WARN_CONSTANT_CONVERSION = YES;
				CLANG_WARN_DEPRECATED_OBJC_IMPLEMENTATIONS = YES;
				CLANG_WARN_DIRECT_OBJC_ISA_USAGE = YES_ERROR;
				CLANG_WARN_DOCUMENTATION_COMMENTS = YES;
				CLANG_WARN_EMPTY_BODY = YES;
				CLANG_WARN_ENUM_CONVERSION = YES;
				CLANG_WARN_INFINITE_RECURSION = YES;
				CLANG_WARN_INT_CONVERSION = YES;
				CLANG_WARN_NON_LITERAL_NULL_CONVERSION = YES;
				CLANG_WARN_OBJC_IMPLICIT_RETAIN_SELF = YES;
				CLANG_WARN_OBJC_LITERAL_CONVERSION = YES;
				CLANG_WARN_OBJC_ROOT_CLASS = YES_ERROR;
				CLANG_WARN_RANGE_LOOP_ANALYSIS = YES;
				CLANG_WARN_STRICT_PROTOTYPES = YES;
				CLANG_WARN_SUSPICIOUS_MOVE = YES;
				CLANG_WARN_UNGUARDED_AVAILABILITY = YES_AGGRESSIVE;
				CLANG_WARN_UNREACHABLE_CODE = YES;
				CLANG_WARN__DUPLICATE_METHOD_MATCH = YES;
				COPY_PHASE_STRIP = NO;
				DEBUG_INFORMATION_FORMAT = "dwarf-with-dsym";
				ENABLE_NS_ASSERTIONS = NO;
				ENABLE_STRICT_OBJC_MSGSEND = YES;
				GCC_C_LANGUAGE_STANDARD = gnu11;
				GCC_NO_COMMON_BLOCKS = YES;
				GCC_WARN_64_TO_32_BIT_CONVERSION = YES;
				GCC_WARN_ABOUT_RETURN_TYPE = YES_ERROR;
				GCC_WARN_UNDECLARED_SELECTOR = YES;
				GCC_WARN_UNINITIALIZED_AUTOS = YES_AGGRESSIVE;
				GCC_WARN_UNUSED_FUNCTION = YES;
				GCC_WARN_UNUSED_VARIABLE = YES;
				IPHONEOS_DEPLOYMENT_TARGET = 13.2;
				MTL_ENABLE_DEBUG_INFO = NO;
				MTL_FAST_MATH = YES;
				SDKROOT = iphoneos;
				SWIFT_COMPILATION_MODE = wholemodule;
				SWIFT_OPTIMIZATION_LEVEL = "-O";
				VALIDATE_PRODUCT = YES;
			};
			name = Release;
		};
		656DE21F23D56B6700D4411D /* Debug */ = {
			isa = XCBuildConfiguration;
			baseConfigurationReference = 6776614C4E6FD2AE2A53DA11 /* Pods-Planner.debug.xcconfig */;
			buildSettings = {
				ASSETCATALOG_COMPILER_APPICON_NAME = AppIcon;
				CODE_SIGN_STYLE = Automatic;
				DEVELOPMENT_ASSET_PATHS = "\"Planner/Preview Content\"";
				DEVELOPMENT_TEAM = 8X33342AT8;
				ENABLE_PREVIEWS = YES;
				INFOPLIST_FILE = Planner/Info.plist;
				LD_RUNPATH_SEARCH_PATHS = (
					"$(inherited)",
					"@executable_path/Frameworks",
				);
				PRODUCT_BUNDLE_IDENTIFIER = com.egushchin.Planner;
				PRODUCT_NAME = "$(TARGET_NAME)";
				SWIFT_VERSION = 5.0;
				TARGETED_DEVICE_FAMILY = "1,2";
			};
			name = Debug;
		};
		656DE22023D56B6700D4411D /* Release */ = {
			isa = XCBuildConfiguration;
			baseConfigurationReference = 994251BC82E5C5ADF0636A3D /* Pods-Planner.release.xcconfig */;
			buildSettings = {
				ASSETCATALOG_COMPILER_APPICON_NAME = AppIcon;
				CODE_SIGN_STYLE = Automatic;
				DEVELOPMENT_ASSET_PATHS = "\"Planner/Preview Content\"";
				DEVELOPMENT_TEAM = 8X33342AT8;
				ENABLE_PREVIEWS = YES;
				INFOPLIST_FILE = Planner/Info.plist;
				LD_RUNPATH_SEARCH_PATHS = (
					"$(inherited)",
					"@executable_path/Frameworks",
				);
				PRODUCT_BUNDLE_IDENTIFIER = com.egushchin.Planner;
				PRODUCT_NAME = "$(TARGET_NAME)";
				SWIFT_VERSION = 5.0;
				TARGETED_DEVICE_FAMILY = "1,2";
			};
			name = Release;
		};
/* End XCBuildConfiguration section */

/* Begin XCConfigurationList section */
		656DE20523D56B6300D4411D /* Build configuration list for PBXProject "Planner" */ = {
			isa = XCConfigurationList;
			buildConfigurations = (
				656DE21C23D56B6700D4411D /* Debug */,
				656DE21D23D56B6700D4411D /* Release */,
			);
			defaultConfigurationIsVisible = 0;
			defaultConfigurationName = Release;
		};
		656DE21E23D56B6700D4411D /* Build configuration list for PBXNativeTarget "Planner" */ = {
			isa = XCConfigurationList;
			buildConfigurations = (
				656DE21F23D56B6700D4411D /* Debug */,
				656DE22023D56B6700D4411D /* Release */,
			);
			defaultConfigurationIsVisible = 0;
			defaultConfigurationName = Release;
		};
/* End XCConfigurationList section */

/* Begin XCRemoteSwiftPackageReference section */
		656DE24D23D56CF200D4411D /* XCRemoteSwiftPackageReference "Alamofire" */ = {
			isa = XCRemoteSwiftPackageReference;
			repositoryURL = "git@github.com:Alamofire/Alamofire.git";
			requirement = {
				kind = upToNextMajorVersion;
				minimumVersion = 4.9.1;
			};
		};
/* End XCRemoteSwiftPackageReference section */

/* Begin XCSwiftPackageProductDependency section */
		656DE24E23D56CF200D4411D /* Alamofire */ = {
			isa = XCSwiftPackageProductDependency;
			package = 656DE24D23D56CF200D4411D /* XCRemoteSwiftPackageReference "Alamofire" */;
			productName = Alamofire;
		};
/* End XCSwiftPackageProductDependency section */
	};
	rootObject = 656DE20223D56B6300D4411D /* Project object */;
}
